// !$*UTF8*$!
{
	archiveVersion = 1;
	classes = {
	};
	objectVersion = 46;
	objects = {

/* Begin PBXBuildFile section */
		4915D0651CE36E0200B9C978 /* MapKit.framework in Frameworks */ = {isa = PBXBuildFile; fileRef = 4915D0641CE36E0200B9C978 /* MapKit.framework */; };
		49C861EF1CE25159009CE943 /* main.m in Sources */ = {isa = PBXBuildFile; fileRef = 49C861EE1CE25159009CE943 /* main.m */; };
		49C861F21CE25159009CE943 /* AppDelegate.m in Sources */ = {isa = PBXBuildFile; fileRef = 49C861F11CE25159009CE943 /* AppDelegate.m */; };
		49C861F51CE25159009CE943 /* MasterViewController.m in Sources */ = {isa = PBXBuildFile; fileRef = 49C861F41CE25159009CE943 /* MasterViewController.m */; };
		49C861F81CE25159009CE943 /* Main.storyboard in Resources */ = {isa = PBXBuildFile; fileRef = 49C861F61CE25159009CE943 /* Main.storyboard */; };
		49C861FA1CE25159009CE943 /* Assets.xcassets in Resources */ = {isa = PBXBuildFile; fileRef = 49C861F91CE25159009CE943 /* Assets.xcassets */; };
		49C861FD1CE25159009CE943 /* LaunchScreen.storyboard in Resources */ = {isa = PBXBuildFile; fileRef = 49C861FB1CE25159009CE943 /* LaunchScreen.storyboard */; };
		49C862081CE2515A009CE943 /* AngiesListCodingChallengeTests.m in Sources */ = {isa = PBXBuildFile; fileRef = 49C862071CE2515A009CE943 /* AngiesListCodingChallengeTests.m */; };
		49C862131CE2515A009CE943 /* AngiesListCodingChallengeUITests.m in Sources */ = {isa = PBXBuildFile; fileRef = 49C862121CE2515A009CE943 /* AngiesListCodingChallengeUITests.m */; };
		49C862231CE25E26009CE943 /* DetailViewController.swift in Sources */ = {isa = PBXBuildFile; fileRef = 49C862221CE25E26009CE943 /* DetailViewController.swift */; };
		49C862261CE26129009CE943 /* ServiceCall.swift in Sources */ = {isa = PBXBuildFile; fileRef = 49C862251CE26129009CE943 /* ServiceCall.swift */; };
		49FD257A1CE28B86004285CC /* UIImage+Extensions.swift in Sources */ = {isa = PBXBuildFile; fileRef = 49FD25791CE28B86004285CC /* UIImage+Extensions.swift */; };
		49FD257C1CE29CEF004285CC /* Provider.swift in Sources */ = {isa = PBXBuildFile; fileRef = 49FD257B1CE29CEF004285CC /* Provider.swift */; };
/* End PBXBuildFile section */

/* Begin PBXContainerItemProxy section */
		49C862041CE2515A009CE943 /* PBXContainerItemProxy */ = {
			isa = PBXContainerItemProxy;
			containerPortal = 49C861E21CE25159009CE943 /* Project object */;
			proxyType = 1;
			remoteGlobalIDString = 49C861E91CE25159009CE943;
			remoteInfo = AngiesListCodingChallenge;
		};
		49C8620F1CE2515A009CE943 /* PBXContainerItemProxy */ = {
			isa = PBXContainerItemProxy;
			containerPortal = 49C861E21CE25159009CE943 /* Project object */;
			proxyType = 1;
			remoteGlobalIDString = 49C861E91CE25159009CE943;
			remoteInfo = AngiesListCodingChallenge;
		};
/* End PBXContainerItemProxy section */

/* Begin PBXFileReference section */
		4915D0641CE36E0200B9C978 /* MapKit.framework */ = {isa = PBXFileReference; lastKnownFileType = wrapper.framework; name = MapKit.framework; path = System/Library/Frameworks/MapKit.framework; sourceTree = SDKROOT; };
		49C861EA1CE25159009CE943 /* AngiesListCodingChallenge.app */ = {isa = PBXFileReference; explicitFileType = wrapper.application; includeInIndex = 0; path = AngiesListCodingChallenge.app; sourceTree = BUILT_PRODUCTS_DIR; };
		49C861EE1CE25159009CE943 /* main.m */ = {isa = PBXFileReference; lastKnownFileType = sourcecode.c.objc; path = main.m; sourceTree = "<group>"; };
		49C861F01CE25159009CE943 /* AppDelegate.h */ = {isa = PBXFileReference; lastKnownFileType = sourcecode.c.h; path = AppDelegate.h; sourceTree = "<group>"; };
		49C861F11CE25159009CE943 /* AppDelegate.m */ = {isa = PBXFileReference; lastKnownFileType = sourcecode.c.objc; path = AppDelegate.m; sourceTree = "<group>"; };
		49C861F31CE25159009CE943 /* MasterViewController.h */ = {isa = PBXFileReference; lastKnownFileType = sourcecode.c.h; path = MasterViewController.h; sourceTree = "<group>"; };
		49C861F41CE25159009CE943 /* MasterViewController.m */ = {isa = PBXFileReference; lastKnownFileType = sourcecode.c.objc; path = MasterViewController.m; sourceTree = "<group>"; };
		49C861F71CE25159009CE943 /* Base */ = {isa = PBXFileReference; lastKnownFileType = file.storyboard; name = Base; path = Base.lproj/Main.storyboard; sourceTree = "<group>"; };
		49C861F91CE25159009CE943 /* Assets.xcassets */ = {isa = PBXFileReference; lastKnownFileType = folder.assetcatalog; path = Assets.xcassets; sourceTree = "<group>"; };
		49C861FC1CE25159009CE943 /* Base */ = {isa = PBXFileReference; lastKnownFileType = file.storyboard; name = Base; path = Base.lproj/LaunchScreen.storyboard; sourceTree = "<group>"; };
		49C861FE1CE25159009CE943 /* Info.plist */ = {isa = PBXFileReference; lastKnownFileType = text.plist.xml; path = Info.plist; sourceTree = "<group>"; };
		49C862031CE2515A009CE943 /* AngiesListCodingChallengeTests.xctest */ = {isa = PBXFileReference; explicitFileType = wrapper.cfbundle; includeInIndex = 0; path = AngiesListCodingChallengeTests.xctest; sourceTree = BUILT_PRODUCTS_DIR; };
		49C862071CE2515A009CE943 /* AngiesListCodingChallengeTests.m */ = {isa = PBXFileReference; lastKnownFileType = sourcecode.c.objc; path = AngiesListCodingChallengeTests.m; sourceTree = "<group>"; };
		49C862091CE2515A009CE943 /* Info.plist */ = {isa = PBXFileReference; lastKnownFileType = text.plist.xml; path = Info.plist; sourceTree = "<group>"; };
		49C8620E1CE2515A009CE943 /* AngiesListCodingChallengeUITests.xctest */ = {isa = PBXFileReference; explicitFileType = wrapper.cfbundle; includeInIndex = 0; path = AngiesListCodingChallengeUITests.xctest; sourceTree = BUILT_PRODUCTS_DIR; };
		49C862121CE2515A009CE943 /* AngiesListCodingChallengeUITests.m */ = {isa = PBXFileReference; lastKnownFileType = sourcecode.c.objc; path = AngiesListCodingChallengeUITests.m; sourceTree = "<group>"; };
		49C862141CE2515A009CE943 /* Info.plist */ = {isa = PBXFileReference; lastKnownFileType = text.plist.xml; path = Info.plist; sourceTree = "<group>"; };
		49C862211CE25E26009CE943 /* AngiesListCodingChallenge-Bridging-Header.h */ = {isa = PBXFileReference; lastKnownFileType = sourcecode.c.h; path = "AngiesListCodingChallenge-Bridging-Header.h"; sourceTree = "<group>"; };
		49C862221CE25E26009CE943 /* DetailViewController.swift */ = {isa = PBXFileReference; fileEncoding = 4; lastKnownFileType = sourcecode.swift; path = DetailViewController.swift; sourceTree = "<group>"; };
		49C862251CE26129009CE943 /* ServiceCall.swift */ = {isa = PBXFileReference; fileEncoding = 4; lastKnownFileType = sourcecode.swift; path = ServiceCall.swift; sourceTree = "<group>"; };
		49FD25791CE28B86004285CC /* UIImage+Extensions.swift */ = {isa = PBXFileReference; fileEncoding = 4; lastKnownFileType = sourcecode.swift; path = "UIImage+Extensions.swift"; sourceTree = "<group>"; };
		49FD257B1CE29CEF004285CC /* Provider.swift */ = {isa = PBXFileReference; fileEncoding = 4; lastKnownFileType = sourcecode.swift; path = Provider.swift; sourceTree = "<group>"; };
/* End PBXFileReference section */

/* Begin PBXFrameworksBuildPhase section */
		49C861E71CE25159009CE943 /* Frameworks */ = {
			isa = PBXFrameworksBuildPhase;
			buildActionMask = 2147483647;
			files = (
				4915D0651CE36E0200B9C978 /* MapKit.framework in Frameworks */,
			);
			runOnlyForDeploymentPostprocessing = 0;
		};
		49C862001CE2515A009CE943 /* Frameworks */ = {
			isa = PBXFrameworksBuildPhase;
			buildActionMask = 2147483647;
			files = (
			);
			runOnlyForDeploymentPostprocessing = 0;
		};
		49C8620B1CE2515A009CE943 /* Frameworks */ = {
			isa = PBXFrameworksBuildPhase;
			buildActionMask = 2147483647;
			files = (
			);
			runOnlyForDeploymentPostprocessing = 0;
		};
/* End PBXFrameworksBuildPhase section */

/* Begin PBXGroup section */
		49C861E11CE25159009CE943 = {
			isa = PBXGroup;
			children = (
				4915D0641CE36E0200B9C978 /* MapKit.framework */,
				49C861EC1CE25159009CE943 /* AngiesListCodingChallenge */,
				49C862061CE2515A009CE943 /* AngiesListCodingChallengeTests */,
				49C862111CE2515A009CE943 /* AngiesListCodingChallengeUITests */,
				49C861EB1CE25159009CE943 /* Products */,
			);
			sourceTree = "<group>";
		};
		49C861EB1CE25159009CE943 /* Products */ = {
			isa = PBXGroup;
			children = (
				49C861EA1CE25159009CE943 /* AngiesListCodingChallenge.app */,
				49C862031CE2515A009CE943 /* AngiesListCodingChallengeTests.xctest */,
				49C8620E1CE2515A009CE943 /* AngiesListCodingChallengeUITests.xctest */,
			);
			name = Products;
			sourceTree = "<group>";
		};
		49C861EC1CE25159009CE943 /* AngiesListCodingChallenge */ = {
			isa = PBXGroup;
			children = (
				49C861F01CE25159009CE943 /* AppDelegate.h */,
				49C861F11CE25159009CE943 /* AppDelegate.m */,
				49C861F61CE25159009CE943 /* Main.storyboard */,
				49C862201CE251CC009CE943 /* View Controllers */,
				49FD257D1CE2A7F6004285CC /* Data Models */,
				49C862241CE260FA009CE943 /* Service Call */,
				49FD25781CE28B49004285CC /* Extensions */,
				49C861F91CE25159009CE943 /* Assets.xcassets */,
				49C862211CE25E26009CE943 /* AngiesListCodingChallenge-Bridging-Header.h */,
				49C861FB1CE25159009CE943 /* LaunchScreen.storyboard */,
				49C861FE1CE25159009CE943 /* Info.plist */,
				49C861ED1CE25159009CE943 /* Supporting Files */,
			);
			path = AngiesListCodingChallenge;
			sourceTree = "<group>";
		};
		49C861ED1CE25159009CE943 /* Supporting Files */ = {
			isa = PBXGroup;
			children = (
				49C861EE1CE25159009CE943 /* main.m */,
			);
			name = "Supporting Files";
			sourceTree = "<group>";
		};
		49C862061CE2515A009CE943 /* AngiesListCodingChallengeTests */ = {
			isa = PBXGroup;
			children = (
				49C862071CE2515A009CE943 /* AngiesListCodingChallengeTests.m */,
				49C862091CE2515A009CE943 /* Info.plist */,
			);
			path = AngiesListCodingChallengeTests;
			sourceTree = "<group>";
		};
		49C862111CE2515A009CE943 /* AngiesListCodingChallengeUITests */ = {
			isa = PBXGroup;
			children = (
				49C862121CE2515A009CE943 /* AngiesListCodingChallengeUITests.m */,
				49C862141CE2515A009CE943 /* Info.plist */,
			);
			path = AngiesListCodingChallengeUITests;
			sourceTree = "<group>";
		};
		49C862201CE251CC009CE943 /* View Controllers */ = {
			isa = PBXGroup;
			children = (
				49C861F31CE25159009CE943 /* MasterViewController.h */,
				49C861F41CE25159009CE943 /* MasterViewController.m */,
				49C862221CE25E26009CE943 /* DetailViewController.swift */,
			);
			name = "View Controllers";
			sourceTree = "<group>";
		};
		49C862241CE260FA009CE943 /* Service Call */ = {
			isa = PBXGroup;
			children = (
				49C862251CE26129009CE943 /* ServiceCall.swift */,
			);
			name = "Service Call";
			sourceTree = "<group>";
		};
		49FD25781CE28B49004285CC /* Extensions */ = {
			isa = PBXGroup;
			children = (
				49FD25791CE28B86004285CC /* UIImage+Extensions.swift */,
			);
			name = Extensions;
			sourceTree = "<group>";
		};
		49FD257D1CE2A7F6004285CC /* Data Models */ = {
			isa = PBXGroup;
			children = (
				49FD257B1CE29CEF004285CC /* Provider.swift */,
			);
			name = "Data Models";
			sourceTree = "<group>";
		};
/* End PBXGroup section */

/* Begin PBXNativeTarget section */
		49C861E91CE25159009CE943 /* AngiesListCodingChallenge */ = {
			isa = PBXNativeTarget;
			buildConfigurationList = 49C862171CE2515A009CE943 /* Build configuration list for PBXNativeTarget "AngiesListCodingChallenge" */;
			buildPhases = (
				49C861E61CE25159009CE943 /* Sources */,
				49C861E71CE25159009CE943 /* Frameworks */,
				49C861E81CE25159009CE943 /* Resources */,
			);
			buildRules = (
			);
			dependencies = (
			);
			name = AngiesListCodingChallenge;
			productName = AngiesListCodingChallenge;
			productReference = 49C861EA1CE25159009CE943 /* AngiesListCodingChallenge.app */;
			productType = "com.apple.product-type.application";
		};
		49C862021CE2515A009CE943 /* AngiesListCodingChallengeTests */ = {
			isa = PBXNativeTarget;
			buildConfigurationList = 49C8621A1CE2515A009CE943 /* Build configuration list for PBXNativeTarget "AngiesListCodingChallengeTests" */;
			buildPhases = (
				49C861FF1CE2515A009CE943 /* Sources */,
				49C862001CE2515A009CE943 /* Frameworks */,
				49C862011CE2515A009CE943 /* Resources */,
			);
			buildRules = (
			);
			dependencies = (
				49C862051CE2515A009CE943 /* PBXTargetDependency */,
			);
			name = AngiesListCodingChallengeTests;
			productName = AngiesListCodingChallengeTests;
			productReference = 49C862031CE2515A009CE943 /* AngiesListCodingChallengeTests.xctest */;
			productType = "com.apple.product-type.bundle.unit-test";
		};
		49C8620D1CE2515A009CE943 /* AngiesListCodingChallengeUITests */ = {
			isa = PBXNativeTarget;
			buildConfigurationList = 49C8621D1CE2515A009CE943 /* Build configuration list for PBXNativeTarget "AngiesListCodingChallengeUITests" */;
			buildPhases = (
				49C8620A1CE2515A009CE943 /* Sources */,
				49C8620B1CE2515A009CE943 /* Frameworks */,
				49C8620C1CE2515A009CE943 /* Resources */,
			);
			buildRules = (
			);
			dependencies = (
				49C862101CE2515A009CE943 /* PBXTargetDependency */,
			);
			name = AngiesListCodingChallengeUITests;
			productName = AngiesListCodingChallengeUITests;
			productReference = 49C8620E1CE2515A009CE943 /* AngiesListCodingChallengeUITests.xctest */;
			productType = "com.apple.product-type.bundle.ui-testing";
		};
/* End PBXNativeTarget section */

/* Begin PBXProject section */
		49C861E21CE25159009CE943 /* Project object */ = {
			isa = PBXProject;
			attributes = {
				LastUpgradeCheck = 0730;
				ORGANIZATIONNAME = "Helium Apps";
				TargetAttributes = {
					49C861E91CE25159009CE943 = {
						CreatedOnToolsVersion = 7.3;
					};
					49C862021CE2515A009CE943 = {
						CreatedOnToolsVersion = 7.3;
						TestTargetID = 49C861E91CE25159009CE943;
					};
					49C8620D1CE2515A009CE943 = {
						CreatedOnToolsVersion = 7.3;
						TestTargetID = 49C861E91CE25159009CE943;
					};
				};
			};
			buildConfigurationList = 49C861E51CE25159009CE943 /* Build configuration list for PBXProject "AngiesListCodingChallenge" */;
			compatibilityVersion = "Xcode 3.2";
			developmentRegion = English;
			hasScannedForEncodings = 0;
			knownRegions = (
				en,
				Base,
			);
			mainGroup = 49C861E11CE25159009CE943;
			productRefGroup = 49C861EB1CE25159009CE943 /* Products */;
			projectDirPath = "";
			projectRoot = "";
			targets = (
				49C861E91CE25159009CE943 /* AngiesListCodingChallenge */,
				49C862021CE2515A009CE943 /* AngiesListCodingChallengeTests */,
				49C8620D1CE2515A009CE943 /* AngiesListCodingChallengeUITests */,
			);
		};
/* End PBXProject section */

/* Begin PBXResourcesBuildPhase section */
		49C861E81CE25159009CE943 /* Resources */ = {
			isa = PBXResourcesBuildPhase;
			buildActionMask = 2147483647;
			files = (
				49C861FD1CE25159009CE943 /* LaunchScreen.storyboard in Resources */,
				49C861FA1CE25159009CE943 /* Assets.xcassets in Resources */,
				49C861F81CE25159009CE943 /* Main.storyboard in Resources */,
			);
			runOnlyForDeploymentPostprocessing = 0;
		};
		49C862011CE2515A009CE943 /* Resources */ = {
			isa = PBXResourcesBuildPhase;
			buildActionMask = 2147483647;
			files = (
			);
			runOnlyForDeploymentPostprocessing = 0;
		};
		49C8620C1CE2515A009CE943 /* Resources */ = {
			isa = PBXResourcesBuildPhase;
			buildActionMask = 2147483647;
			files = (
			);
			runOnlyForDeploymentPostprocessing = 0;
		};
/* End PBXResourcesBuildPhase section */

/* Begin PBXSourcesBuildPhase section */
		49C861E61CE25159009CE943 /* Sources */ = {
			isa = PBXSourcesBuildPhase;
			buildActionMask = 2147483647;
			files = (
				49C861F51CE25159009CE943 /* MasterViewController.m in Sources */,
				49C861F21CE25159009CE943 /* AppDelegate.m in Sources */,
				49FD257C1CE29CEF004285CC /* Provider.swift in Sources */,
				49C862261CE26129009CE943 /* ServiceCall.swift in Sources */,
				49FD257A1CE28B86004285CC /* UIImage+Extensions.swift in Sources */,
				49C861EF1CE25159009CE943 /* main.m in Sources */,
				49C862231CE25E26009CE943 /* DetailViewController.swift in Sources */,
			);
			runOnlyForDeploymentPostprocessing = 0;
		};
		49C861FF1CE2515A009CE943 /* Sources */ = {
			isa = PBXSourcesBuildPhase;
			buildActionMask = 2147483647;
			files = (
				49C862081CE2515A009CE943 /* AngiesListCodingChallengeTests.m in Sources */,
			);
			runOnlyForDeploymentPostprocessing = 0;
		};
		49C8620A1CE2515A009CE943 /* Sources */ = {
			isa = PBXSourcesBuildPhase;
			buildActionMask = 2147483647;
			files = (
				49C862131CE2515A009CE943 /* AngiesListCodingChallengeUITests.m in Sources */,
			);
			runOnlyForDeploymentPostprocessing = 0;
		};
/* End PBXSourcesBuildPhase section */

/* Begin PBXTargetDependency section */
		49C862051CE2515A009CE943 /* PBXTargetDependency */ = {
			isa = PBXTargetDependency;
			target = 49C861E91CE25159009CE943 /* AngiesListCodingChallenge */;
			targetProxy = 49C862041CE2515A009CE943 /* PBXContainerItemProxy */;
		};
		49C862101CE2515A009CE943 /* PBXTargetDependency */ = {
			isa = PBXTargetDependency;
			target = 49C861E91CE25159009CE943 /* AngiesListCodingChallenge */;
			targetProxy = 49C8620F1CE2515A009CE943 /* PBXContainerItemProxy */;
		};
/* End PBXTargetDependency section */

/* Begin PBXVariantGroup section */
		49C861F61CE25159009CE943 /* Main.storyboard */ = {
			isa = PBXVariantGroup;
			children = (
				49C861F71CE25159009CE943 /* Base */,
			);
			name = Main.storyboard;
			sourceTree = "<group>";
		};
		49C861FB1CE25159009CE943 /* LaunchScreen.storyboard */ = {
			isa = PBXVariantGroup;
			children = (
				49C861FC1CE25159009CE943 /* Base */,
			);
			name = LaunchScreen.storyboard;
			sourceTree = "<group>";
		};
/* End PBXVariantGroup section */

/* Begin XCBuildConfiguration section */
		49C862151CE2515A009CE943 /* Debug */ = {
			isa = XCBuildConfiguration;
			buildSettings = {
				ALWAYS_SEARCH_USER_PATHS = NO;
				CLANG_ANALYZER_NONNULL = YES;
				CLANG_CXX_LANGUAGE_STANDARD = "gnu++0x";
				CLANG_CXX_LIBRARY = "libc++";
				CLANG_ENABLE_MODULES = YES;
				CLANG_ENABLE_OBJC_ARC = YES;
				CLANG_WARN_BOOL_CONVERSION = YES;
				CLANG_WARN_CONSTANT_CONVERSION = YES;
				CLANG_WARN_DIRECT_OBJC_ISA_USAGE = YES_ERROR;
				CLANG_WARN_EMPTY_BODY = YES;
				CLANG_WARN_ENUM_CONVERSION = YES;
				CLANG_WARN_INT_CONVERSION = YES;
				CLANG_WARN_OBJC_ROOT_CLASS = YES_ERROR;
				CLANG_WARN_UNREACHABLE_CODE = YES;
				CLANG_WARN__DUPLICATE_METHOD_MATCH = YES;
				"CODE_SIGN_IDENTITY[sdk=iphoneos*]" = "iPhone Developer";
				COPY_PHASE_STRIP = NO;
				DEBUG_INFORMATION_FORMAT = dwarf;
				ENABLE_STRICT_OBJC_MSGSEND = YES;
				ENABLE_TESTABILITY = YES;
				GCC_C_LANGUAGE_STANDARD = gnu99;
				GCC_DYNAMIC_NO_PIC = NO;
				GCC_NO_COMMON_BLOCKS = YES;
				GCC_OPTIMIZATION_LEVEL = 0;
				GCC_PREPROCESSOR_DEFINITIONS = (
					"DEBUG=1",
					"$(inherited)",
				);
				GCC_WARN_64_TO_32_BIT_CONVERSION = YES;
				GCC_WARN_ABOUT_RETURN_TYPE = YES_ERROR;
				GCC_WARN_UNDECLARED_SELECTOR = YES;
				GCC_WARN_UNINITIALIZED_AUTOS = YES_AGGRESSIVE;
				GCC_WARN_UNUSED_FUNCTION = YES;
				GCC_WARN_UNUSED_VARIABLE = YES;
				IPHONEOS_DEPLOYMENT_TARGET = 9.3;
				MTL_ENABLE_DEBUG_INFO = YES;
				ONLY_ACTIVE_ARCH = YES;
				SDKROOT = iphoneos;
				TARGETED_DEVICE_FAMILY = "1,2";
			};
			name = Debug;
		};
		49C862161CE2515A009CE943 /* Release */ = {
			isa = XCBuildConfiguration;
			buildSettings = {
				ALWAYS_SEARCH_USER_PATHS = NO;
				CLANG_ANALYZER_NONNULL = YES;
				CLANG_CXX_LANGUAGE_STANDARD = "gnu++0x";
				CLANG_CXX_LIBRARY = "libc++";
				CLANG_ENABLE_MODULES = YES;
				CLANG_ENABLE_OBJC_ARC = YES;
				CLANG_WARN_BOOL_CONVERSION = YES;
				CLANG_WARN_CONSTANT_CONVERSION = YES;
				CLANG_WARN_DIRECT_OBJC_ISA_USAGE = YES_ERROR;
				CLANG_WARN_EMPTY_BODY = YES;
				CLANG_WARN_ENUM_CONVERSION = YES;
				CLANG_WARN_INT_CONVERSION = YES;
				CLANG_WARN_OBJC_ROOT_CLASS = YES_ERROR;
				CLANG_WARN_UNREACHABLE_CODE = YES;
				CLANG_WARN__DUPLICATE_METHOD_MATCH = YES;
				"CODE_SIGN_IDENTITY[sdk=iphoneos*]" = "iPhone Developer";
				COPY_PHASE_STRIP = NO;
				DEBUG_INFORMATION_FORMAT = "dwarf-with-dsym";
				ENABLE_NS_ASSERTIONS = NO;
				ENABLE_STRICT_OBJC_MSGSEND = YES;
				GCC_C_LANGUAGE_STANDARD = gnu99;
				GCC_NO_COMMON_BLOCKS = YES;
				GCC_WARN_64_TO_32_BIT_CONVERSION = YES;
				GCC_WARN_ABOUT_RETURN_TYPE = YES_ERROR;
				GCC_WARN_UNDECLARED_SELECTOR = YES;
				GCC_WARN_UNINITIALIZED_AUTOS = YES_AGGRESSIVE;
				GCC_WARN_UNUSED_FUNCTION = YES;
				GCC_WARN_UNUSED_VARIABLE = YES;
				IPHONEOS_DEPLOYMENT_TARGET = 9.3;
				MTL_ENABLE_DEBUG_INFO = NO;
				SDKROOT = iphoneos;
				TARGETED_DEVICE_FAMILY = "1,2";
				VALIDATE_PRODUCT = YES;
			};
			name = Release;
		};
		49C862181CE2515A009CE943 /* Debug */ = {
			isa = XCBuildConfiguration;
			buildSettings = {
				ASSETCATALOG_COMPILER_APPICON_NAME = AppIcon;
				CLANG_ENABLE_MODULES = YES;
				EMBEDDED_CONTENT_CONTAINS_SWIFT = YES;
				INFOPLIST_FILE = AngiesListCodingChallenge/Info.plist;
				LD_RUNPATH_SEARCH_PATHS = "$(inherited) @executable_path/Frameworks";
				PRODUCT_BUNDLE_IDENTIFIER = HA.AngiesListCodingChallenge;
				PRODUCT_NAME = "$(TARGET_NAME)";
				SWIFT_OBJC_BRIDGING_HEADER = "AngiesListCodingChallenge/AngiesListCodingChallenge-Bridging-Header.h";
				SWIFT_OPTIMIZATION_LEVEL = "-Onone";
			};
			name = Debug;
		};
		49C862191CE2515A009CE943 /* Release */ = {
			isa = XCBuildConfiguration;
			buildSettings = {
				ASSETCATALOG_COMPILER_APPICON_NAME = AppIcon;
				CLANG_ENABLE_MODULES = YES;
				EMBEDDED_CONTENT_CONTAINS_SWIFT = YES;
				INFOPLIST_FILE = AngiesListCodingChallenge/Info.plist;
				LD_RUNPATH_SEARCH_PATHS = "$(inherited) @executable_path/Frameworks";
				PRODUCT_BUNDLE_IDENTIFIER = HA.AngiesListCodingChallenge;
				PRODUCT_NAME = "$(TARGET_NAME)";
				SWIFT_OBJC_BRIDGING_HEADER = "AngiesListCodingChallenge/AngiesListCodingChallenge-Bridging-Header.h";
			};
			name = Release;
		};
		49C8621B1CE2515A009CE943 /* Debug */ = {
			isa = XCBuildConfiguration;
			buildSettings = {
				BUNDLE_LOADER = "$(TEST_HOST)";
				INFOPLIST_FILE = AngiesListCodingChallengeTests/Info.plist;
				LD_RUNPATH_SEARCH_PATHS = "$(inherited) @executable_path/Frameworks @loader_path/Frameworks";
				PRODUCT_BUNDLE_IDENTIFIER = HA.AngiesListCodingChallengeTests;
				PRODUCT_NAME = "$(TARGET_NAME)";
				TEST_HOST = "$(BUILT_PRODUCTS_DIR)/AngiesListCodingChallenge.app/AngiesListCodingChallenge";
			};
			name = Debug;
		};
		49C8621C1CE2515A009CE943 /* Release */ = {
			isa = XCBuildConfiguration;
			buildSettings = {
				BUNDLE_LOADER = "$(TEST_HOST)";
				INFOPLIST_FILE = AngiesListCodingChallengeTests/Info.plist;
				LD_RUNPATH_SEARCH_PATHS = "$(inherited) @executable_path/Frameworks @loader_path/Frameworks";
				PRODUCT_BUNDLE_IDENTIFIER = HA.AngiesListCodingChallengeTests;
				PRODUCT_NAME = "$(TARGET_NAME)";
				TEST_HOST = "$(BUILT_PRODUCTS_DIR)/AngiesListCodingChallenge.app/AngiesListCodingChallenge";
			};
			name = Release;
		};
		49C8621E1CE2515A009CE943 /* Debug */ = {
			isa = XCBuildConfiguration;
			buildSettings = {
				INFOPLIST_FILE = AngiesListCodingChallengeUITests/Info.plist;
				LD_RUNPATH_SEARCH_PATHS = "$(inherited) @executable_path/Frameworks @loader_path/Frameworks";
				PRODUCT_BUNDLE_IDENTIFIER = HA.AngiesListCodingChallengeUITests;
				PRODUCT_NAME = "$(TARGET_NAME)";
				TEST_TARGET_NAME = AngiesListCodingChallenge;
			};
			name = Debug;
		};
		49C8621F1CE2515A009CE943 /* Release */ = {
			isa = XCBuildConfiguration;
			buildSettings = {
				INFOPLIST_FILE = AngiesListCodingChallengeUITests/Info.plist;
				LD_RUNPATH_SEARCH_PATHS = "$(inherited) @executable_path/Frameworks @loader_path/Frameworks";
				PRODUCT_BUNDLE_IDENTIFIER = HA.AngiesListCodingChallengeUITests;
				PRODUCT_NAME = "$(TARGET_NAME)";
				TEST_TARGET_NAME = AngiesListCodingChallenge;
			};
			name = Release;
		};
/* End XCBuildConfiguration section */

/* Begin XCConfigurationList section */
		49C861E51CE25159009CE943 /* Build configuration list for PBXProject "AngiesListCodingChallenge" */ = {
			isa = XCConfigurationList;
			buildConfigurations = (
				49C862151CE2515A009CE943 /* Debug */,
				49C862161CE2515A009CE943 /* Release */,
			);
			defaultConfigurationIsVisible = 0;
			defaultConfigurationName = Release;
		};
		49C862171CE2515A009CE943 /* Build configuration list for PBXNativeTarget "AngiesListCodingChallenge" */ = {
			isa = XCConfigurationList;
			buildConfigurations = (
				49C862181CE2515A009CE943 /* Debug */,
				49C862191CE2515A009CE943 /* Release */,
			);
			defaultConfigurationIsVisible = 0;
			defaultConfigurationName = Release;
		};
		49C8621A1CE2515A009CE943 /* Build configuration list for PBXNativeTarget "AngiesListCodingChallengeTests" */ = {
			isa = XCConfigurationList;
			buildConfigurations = (
				49C8621B1CE2515A009CE943 /* Debug */,
				49C8621C1CE2515A009CE943 /* Release */,
			);
			defaultConfigurationIsVisible = 0;
			defaultConfigurationName = Release;
		};
		49C8621D1CE2515A009CE943 /* Build configuration list for PBXNativeTarget "AngiesListCodingChallengeUITests" */ = {
			isa = XCConfigurationList;
			buildConfigurations = (
				49C8621E1CE2515A009CE943 /* Debug */,
				49C8621F1CE2515A009CE943 /* Release */,
			);
			defaultConfigurationIsVisible = 0;
			defaultConfigurationName = Release;
		};
/* End XCConfigurationList section */
	};
	rootObject = 49C861E21CE25159009CE943 /* Project object */;
}
